# This file was autogenerated by Stack.
# You should not edit this file by hand.
# For more information, please see the documentation at:
#   https://docs.haskellstack.org/en/stable/lock_files

packages:
- completed:
    name: beeline-http-client
    pantry-tree:
      sha256: 66784185037bacd0b0972c045fba67c46194a06348b6918f63023598b221b75f
      size: 725
    sha256: f7304165b534c5e188e8346a76fd2cf2333c953a8ea69a756b406ea7d5b29a20
    size: 34655
    subdir: beeline-http-client
    url: https://github.com/flipstone/beeline/archive/a0793b39bcb1c5a7724eabe8763c932f7fb3f4a8.tar.gz
    version: 0.9.0.0
  original:
    subdir: beeline-http-client
    url: https://github.com/flipstone/beeline/archive/a0793b39bcb1c5a7724eabe8763c932f7fb3f4a8.tar.gz
- completed:
    name: beeline-params
    pantry-tree:
      sha256: 3ff6b399e4ef7b1ba21146d614f012b5e6ae79004f89fde1a1ae22a939a9e91d
      size: 1069
    sha256: f7304165b534c5e188e8346a76fd2cf2333c953a8ea69a756b406ea7d5b29a20
    size: 34655
    subdir: beeline-params
    url: https://github.com/flipstone/beeline/archive/a0793b39bcb1c5a7724eabe8763c932f7fb3f4a8.tar.gz
    version: 0.1.0.0
  original:
    subdir: beeline-params
    url: https://github.com/flipstone/beeline/archive/a0793b39bcb1c5a7724eabe8763c932f7fb3f4a8.tar.gz
- completed:
    name: beeline-routing
    pantry-tree:
      sha256: dbaa3c715f4f7235d75e34dd717c308b5c5e6fd21170fcea3583ab26a4d5e26e
      size: 1119
    sha256: f7304165b534c5e188e8346a76fd2cf2333c953a8ea69a756b406ea7d5b29a20
    size: 34655
    subdir: beeline-routing
    url: https://github.com/flipstone/beeline/archive/a0793b39bcb1c5a7724eabe8763c932f7fb3f4a8.tar.gz
    version: 0.3.0.0
  original:
    subdir: beeline-routing
    url: https://github.com/flipstone/beeline/archive/a0793b39bcb1c5a7724eabe8763c932f7fb3f4a8.tar.gz
- completed:
    commit: 6fae4b628088c26fdddb53f1a44c72459625547a
    git: https://github.com/flipstone/json-fleece.git
    name: json-fleece-aeson
    pantry-tree:
      sha256: 4d3f8a85148cddd920d9793670cbc71c0da4e7e6c33573e3c80b0fb6042a666b
      size: 581
    subdir: json-fleece-aeson
    version: 0.3.7.0
  original:
    commit: 6fae4b628088c26fdddb53f1a44c72459625547a
    git: https://github.com/flipstone/json-fleece.git
    subdir: json-fleece-aeson
- completed:
    commit: 6fae4b628088c26fdddb53f1a44c72459625547a
    git: https://github.com/flipstone/json-fleece.git
    name: json-fleece-core
    pantry-tree:
      sha256: 68ef35b59a0c8a2d0beda7a051f0f8a662c55a6148a1ef4c0c80845eee888038
      size: 443
    subdir: json-fleece-core
    version: 0.7.1.0
  original:
    commit: 6fae4b628088c26fdddb53f1a44c72459625547a
    git: https://github.com/flipstone/json-fleece.git
    subdir: json-fleece-core
- completed:
    commit: 5e03e45e2ef02b17a9d0ec3b1e951ef7214cba4a
    git: https://github.com/typeable/libphonenumber.git
    name: libphonenumber
    pantry-tree:
      sha256: e76d7d4237a867fbbb7039c08dc2157e9fb25fb0d2f1a9ccdf3ac9efd714bac7
      size: 1106
    version: 0.1.3.0
  original:
    commit: 5e03e45e2ef02b17a9d0ec3b1e951ef7214cba4a
    git: https://github.com/typeable/libphonenumber.git
- completed:
    hackage: non-empty-text-0.2.0@sha256:7d1c1f9a11c78c00c656269f940d2fcccd3c2eaf6b619f66bb83a9ea72decc1f,2438
    pantry-tree:
      sha256: 303f637d7ca4c4573c8d861282b07b172959c8d3f3aa531b0462f3d08b9669d1
      size: 400
  original:
    hackage: non-empty-text-0.2.0@sha256:7d1c1f9a11c78c00c656269f940d2fcccd3c2eaf6b619f66bb83a9ea72decc1f,2438
- completed:
    name: ogma
    pantry-tree:
      sha256: 30b0e78de0df609884d2c410ebba1893a02c511d95fbf8fd9acdd6f75d520733
      size: 1542
    sha256: 58abf9433b12ab79ce2111ea4cc88280418874b11fdab2b9867d98b9cc7ffc0b
    size: 498606
    url: https://github.com/AugmenTab/ogma/archive/bc99dd49b1783a8fad784ca40d4d273c132f8008.tar.gz
    version: 0.1.0.0
  original:
    url: https://github.com/AugmenTab/ogma/archive/bc99dd49b1783a8fad784ca40d4d273c132f8008.tar.gz
- completed:
    name: shrubbery
    pantry-tree:
      sha256: ce1da50398eab8151e608e3643bc96b62f951c48e9d84af8f8c795367a81e03e
      size: 2834
    sha256: cb40f3032052496b42afcb672d235e321b1f3e5bd707bad0108ba4fb03f394df
    size: 30354
    url: https://github.com/flipstone/shrubbery/archive/4c88cff99a1445097403aad70db27fd7712767f6.tar.gz
    version: 0.2.3.0
  original:
    url: https://github.com/flipstone/shrubbery/archive/4c88cff99a1445097403aad70db27fd7712767f6.tar.gz
snapshots:
- completed:
    sha256: 6c5aeace2ca5ecde793a9e0acfaa730ec8f384aa2f6183a2a252f5f9ec55d623
    size: 720039
    url: https://raw.githubusercontent.com/commercialhaskell/stackage-snapshots/master/lts/22/39.yaml
  original: lts-22.39
