# This file was autogenerated by Stack.
# You should not edit this file by hand.
# For more information, please see the documentation at:
#   https://docs.haskellstack.org/en/stable/topics/lock_files

packages:
- completed:
    name: beeline-http-client
    pantry-tree:
      sha256: bf286adfffe7795c07a058a162f112d1fd48f42c4aa72c74e80ac9f8ddd2ed21
      size: 725
    sha256: 24eb20b509eeb14ca9a64d9e9c00cf13b805c178b3a938304f82159cd9d4a6ff
    size: 34812
    subdir: beeline-http-client
    url: https://github.com/flipstone/beeline/archive/ad51a5197ba71b44f27fd760c6c241ac67f0a52f.tar.gz
    version: 0.9.0.1
  original:
    subdir: beeline-http-client
    url: https://github.com/flipstone/beeline/archive/ad51a5197ba71b44f27fd760c6c241ac67f0a52f.tar.gz
- completed:
    name: beeline-params
    pantry-tree:
      sha256: 45904abe4737db4c3a8600bb6a2a0900085f58165c03f8e5e1249cbdd04d2bef
      size: 1069
    sha256: 24eb20b509eeb14ca9a64d9e9c00cf13b805c178b3a938304f82159cd9d4a6ff
    size: 34812
    subdir: beeline-params
    url: https://github.com/flipstone/beeline/archive/ad51a5197ba71b44f27fd760c6c241ac67f0a52f.tar.gz
    version: 0.1.0.1
  original:
    subdir: beeline-params
    url: https://github.com/flipstone/beeline/archive/ad51a5197ba71b44f27fd760c6c241ac67f0a52f.tar.gz
- completed:
    name: beeline-routing
    pantry-tree:
      sha256: 447f2eaffee4cc4d8763c89d1f1c80e4b90e73c6556c644c9949d04508ff3cd2
      size: 1119
    sha256: 24eb20b509eeb14ca9a64d9e9c00cf13b805c178b3a938304f82159cd9d4a6ff
    size: 34812
    subdir: beeline-routing
    url: https://github.com/flipstone/beeline/archive/ad51a5197ba71b44f27fd760c6c241ac67f0a52f.tar.gz
    version: 0.3.0.1
  original:
    subdir: beeline-routing
    url: https://github.com/flipstone/beeline/archive/ad51a5197ba71b44f27fd760c6c241ac67f0a52f.tar.gz
- completed:
    commit: 818a3f6dba2a18bec4b6a267365c97eb5e0bf2d4
    git: https://github.com/flipstone/json-fleece.git
    name: json-fleece-aeson
    pantry-tree:
      sha256: b033b89cb2b953a6243cd653d40739b512aa347956345409d3569f28b4d3da76
      size: 581
    subdir: json-fleece-aeson
    version: 0.3.7.2
  original:
    commit: 818a3f6dba2a18bec4b6a267365c97eb5e0bf2d4
    git: https://github.com/flipstone/json-fleece.git
    subdir: json-fleece-aeson
- completed:
    commit: 818a3f6dba2a18bec4b6a267365c97eb5e0bf2d4
    git: https://github.com/flipstone/json-fleece.git
    name: json-fleece-core
    pantry-tree:
      sha256: 83cbd3f3b1548883235d80473bea1c44170524cde37f799433643632e0571992
      size: 443
    subdir: json-fleece-core
    version: 0.7.1.2
  original:
    commit: 818a3f6dba2a18bec4b6a267365c97eb5e0bf2d4
    git: https://github.com/flipstone/json-fleece.git
    subdir: json-fleece-core
- completed:
    hackage: integer-types-0.1.4.1@sha256:4b56a906d054c41ac64578f46435947e11a69314b831c74543384da8e7061502,2254
    pantry-tree:
      sha256: 24ac844ce94b5844c1ef102d54ef4b28aab0b8156bf5e747ce32d172eb1fec97
      size: 2112
  original:
    hackage: integer-types-0.1.4.1@sha256:4b56a906d054c41ac64578f46435947e11a69314b831c74543384da8e7061502,2254
- completed:
    hackage: libphonenumber-0.1.3.0@sha256:4ba994791928c8cf0925af34ee2043eba3501bdab762ee787f2f1dcda6da2b90,4116
    pantry-tree:
      sha256: 1c6603e371c24f3f65cfd4cd83437587d1c13e3343fd4385b43130b3809cbd8e
      size: 990
  original:
    hackage: libphonenumber-0.1.3.0@sha256:4ba994791928c8cf0925af34ee2043eba3501bdab762ee787f2f1dcda6da2b90,4116
- completed:
    name: ogma
    pantry-tree:
      sha256: f0ca18f649357e6b484c10b61eba7588a4aa3e3c8d92cda81e831363e2d5e5af
      size: 1851
    sha256: 9cdbb4421e62747712270d2dfd211f206aecc3901528e9ed775e699965496b25
    size: 498977
    url: https://github.com/AugmenTab/ogma/archive/55ed9161f679d6b9ddddf1f86ba36b1ad7572c75.tar.gz
    version: 0.1.0.1
  original:
    url: https://github.com/AugmenTab/ogma/archive/55ed9161f679d6b9ddddf1f86ba36b1ad7572c75.tar.gz
- completed:
    name: shrubbery
    pantry-tree:
      sha256: bb14436b12dea0262ba64d78c924922b3c9e6ddfd58ec1bd548b4f50ccdab5ae
      size: 2922
    sha256: 63e4e94832f5cecc01099b218f3c719e9bba75f65bbadf2e0cfa08f5bb5a241d
    size: 30416
    url: https://github.com/flipstone/shrubbery/archive/11cb7d675d3f7d786fdb061a43f118866eb95a31.tar.gz
    version: 0.2.3.2
  original:
    url: https://github.com/flipstone/shrubbery/archive/11cb7d675d3f7d786fdb061a43f118866eb95a31.tar.gz
snapshots:
- completed:
    sha256: 0d0bb681dd5be9b930c8fc070d717aae757b9aed176ae6047d87624b46406816
    size: 726097
    url: https://raw.githubusercontent.com/commercialhaskell/stackage-snapshots/master/lts/24/12.yaml
  original: lts-24.12
