# This file was autogenerated by Stack.
# You should not edit this file by hand.
# For more information, please see the documentation at:
#   https://docs.haskellstack.org/en/stable/lock_files

packages:
- completed:
    name: beeline-http-client
    pantry-tree:
      sha256: 003653d3a0cfe9ead5e3e98ef277d32e9ac2000b4079069820b1d6cb597b9790
      size: 718
    sha256: 968e332bb9c2acad7a7fb3b6037b03a52d9d5dc96147f66690d3f8ebea1cdc0f
    size: 24548
    subdir: beeline-http-client
    url: https://github.com/flipstone/beeline/archive/5545ee24e04cebd2182a924033fa174381591107.tar.gz
    version: 0.8.0.0
  original:
    subdir: beeline-http-client
    url: https://github.com/flipstone/beeline/archive/5545ee24e04cebd2182a924033fa174381591107.tar.gz
- completed:
    name: beeline-routing
    pantry-tree:
      sha256: f79fc2e97dfa9147e44cbc6dedb2f9c024e1c2856a0b5a07facfdaa7cd0fd6c6
      size: 1174
    sha256: 968e332bb9c2acad7a7fb3b6037b03a52d9d5dc96147f66690d3f8ebea1cdc0f
    size: 24548
    subdir: beeline-routing
    url: https://github.com/flipstone/beeline/archive/5545ee24e04cebd2182a924033fa174381591107.tar.gz
    version: 0.2.4.0
  original:
    subdir: beeline-routing
    url: https://github.com/flipstone/beeline/archive/5545ee24e04cebd2182a924033fa174381591107.tar.gz
- completed:
    commit: 1bf8a291f003d997f7f06044ddd72e20f3842e14
    git: https://github.com/flipstone/json-fleece.git
    name: json-fleece-core
    pantry-tree:
      sha256: c07c87f6d7fe693922d632b2ec25e95ed3eec1262e8bc9c2f38204bb8ecf5548
      size: 443
    subdir: json-fleece-core
    version: 0.6.0.0
  original:
    commit: 1bf8a291f003d997f7f06044ddd72e20f3842e14
    git: https://github.com/flipstone/json-fleece.git
    subdir: json-fleece-core
- completed:
    hackage: non-empty-text-0.2.0@sha256:7d1c1f9a11c78c00c656269f940d2fcccd3c2eaf6b619f66bb83a9ea72decc1f,2438
    pantry-tree:
      sha256: 303f637d7ca4c4573c8d861282b07b172959c8d3f3aa531b0462f3d08b9669d1
      size: 400
  original:
    hackage: non-empty-text-0.2.0@sha256:7d1c1f9a11c78c00c656269f940d2fcccd3c2eaf6b619f66bb83a9ea72decc1f,2438
- completed:
    name: shrubbery
    pantry-tree:
      sha256: b3c533a32106f822be41996bcd00c6b1993ad6c95f0ad830c48ac39059a291be
      size: 1737
    sha256: 42d9b913b858b7ecd580b4fb9d3dba20e72c4520627b79120014e7310d0a84da
    size: 24020
    url: https://github.com/flipstone/shrubbery/archive/629750cccdf9ac2110eab8ee52218b1e62032ef7.tar.gz
    version: 0.2.0.0
  original:
    url: https://github.com/flipstone/shrubbery/archive/629750cccdf9ac2110eab8ee52218b1e62032ef7.tar.gz
snapshots:
- completed:
    sha256: fb482b8e2d5d061cdda4ba1da2957c012740c893a5ee1c1b99001adae7b1fbe7
    size: 640046
    url: https://raw.githubusercontent.com/commercialhaskell/stackage-snapshots/master/lts/21/19.yaml
  original: lts-21.19
